
Microsoft Visual Studio Solution File, Format Version 12.00
# Visual Studio Version 17
VisualStudioVersion = 17.8.34511.84
MinimumVisualStudioVersion = 10.0.40219.1
Project("{FAE04EC0-301F-11D3-BF4B-00C04F79EFBC}") = "Lab7", "Lab7.csproj", "{60D937E5-7670-4D04-90B2-5F4919310B55}"
EndProject
Global
	GlobalSection(SolutionConfigurationPlatforms) = preSolution
		Debug|Any CPU = Debug|Any CPU
		Release|Any CPU = Release|Any CPU
	EndGlobalSection
	GlobalSection(ProjectConfigurationPlatforms) = postSolution
		{60D937E5-7670-4D04-90B2-5F4919310B55}.Debug|Any CPU.ActiveCfg = Debug|Any CPU
		{60D937E5-7670-4D04-90B2-5F4919310B55}.Debug|Any CPU.Build.0 = Debug|Any CPU
		{60D937E5-7670-4D04-90B2-5F4919310B55}.Release|Any CPU.ActiveCfg = Release|Any CPU
		{60D937E5-7670-4D04-90B2-5F4919310B55}.Release|Any CPU.Build.0 = Release|Any CPU
	EndGlobalSection
	GlobalSection(SolutionProperties) = preSolution
		HideSolutionNode = FALSE
	EndGlobalSection
	GlobalSection(ExtensibilityGlobals) = postSolution
		SolutionGuid = {454A5D00-9397-4E23-B6DC-FF7CA44B27EF}
	EndGlobalSection
EndGlobal
